
Microsoft Visual Studio Solution File, Format Version 11.00
# Visual Studio 2010
Project("{F184B08F-C81C-45F6-A57F-5ABD9991F28F}") = "CellSiteSoft VB 2010", "CellSiteSoft VB 2010\CellSiteSoft VB 2010.vbproj", "{11364E1D-20BC-44D8-AC1D-D0A3F6E2DB0C}"
EndProject
Global
	GlobalSection(SolutionConfigurationPlatforms) = preSolution
		Debug|x86 = Debug|x86
		Release|x86 = Release|x86
	EndGlobalSection
	GlobalSection(ProjectConfigurationPlatforms) = postSolution
		{11364E1D-20BC-44D8-AC1D-D0A3F6E2DB0C}.Debug|x86.ActiveCfg = Debug|x86
		{11364E1D-20BC-44D8-AC1D-D0A3F6E2DB0C}.Debug|x86.Build.0 = Debug|x86
		{11364E1D-20BC-44D8-AC1D-D0A3F6E2DB0C}.Release|x86.ActiveCfg = Release|x86
		{11364E1D-20BC-44D8-AC1D-D0A3F6E2DB0C}.Release|x86.Build.0 = Release|x86
	EndGlobalSection
	GlobalSection(SolutionProperties) = preSolution
		HideSolutionNode = FALSE
	EndGlobalSection
EndGlobal
